
Microsoft Visual Studio Solution File, Format Version 12.00
# Visual Studio Version 16
VisualStudioVersion = 16.0.28922.388
MinimumVisualStudioVersion = 10.0.40219.1
Project("{2150E333-8FDC-42A3-9474-1A3956D46DE8}") = ".paket", ".paket", "{BAEF1BDD-4FEA-4EAC-8E82-E20617490DE4}"
	ProjectSection(SolutionItems) = preProject
		paket.dependencies = paket.dependencies
		paket.lock = paket.lock
	EndProjectSection
EndProject
Project("{2150E333-8FDC-42A3-9474-1A3956D46DE8}") = "examples", "examples", "{F63757F9-A836-40E7-A1D1-108AAA14707C}"
EndProject
Project("{9A19103F-16F7-4668-BE54-9A1E7A4F7556}") = "CsharpExamples", "examples\CsharpExamples\CsharpExamples.csproj", "{C80380AD-C763-472D-BEF7-D6411D680A15}"
EndProject
Project("{6EC3EE1D-3C4E-46DD-8F32-0CC8E7565705}") = "FsharpExamples", "examples\FsharpExamples\FsharpExamples.fsproj", "{31792757-DDF8-44E0-B074-F9BD0721EE18}"
EndProject
Project("{2150E333-8FDC-42A3-9474-1A3956D46DE8}") = "tests", "tests", "{57300837-ACF8-47EF-9271-E72D12D5D4A4}"
EndProject
Project("{6EC3EE1D-3C4E-46DD-8F32-0CC8E7565705}") = "UnitTests", "tests\UnitTests\UnitTests.fsproj", "{9187FFC1-6365-473D-9D32-4B2EC0BCE6E3}"
EndProject
Project("{6EC3EE1D-3C4E-46DD-8F32-0CC8E7565705}") = "IntegrationTests", "tests\IntegrationTests\IntegrationTests.fsproj", "{20835368-73B3-45AF-B0AB-B33F120B74BA}"
EndProject
Project("{2150E333-8FDC-42A3-9474-1A3956D46DE8}") = "src", "src", "{A69013AE-F033-4D8F-8C84-D238F1E7C45B}"
EndProject
Project("{6EC3EE1D-3C4E-46DD-8F32-0CC8E7565705}") = "Pulsar.Client", "src\Pulsar.Client\Pulsar.Client.fsproj", "{ED95CEE6-3023-4D09-8570-425390D351B3}"
EndProject
Project("{9A19103F-16F7-4668-BE54-9A1E7A4F7556}") = "Pulsar.Client.Proto", "src\Pulsar.Client.Proto\Pulsar.Client.Proto.csproj", "{07E28F24-6660-4805-BF92-89EEA4711CA2}"
EndProject
Project("{FAE04EC0-301F-11D3-BF4B-00C04F79EFBC}") = "AvroGenerated", "tests\AvroGenerated\AvroGenerated.csproj", "{173C91F0-8FA9-4E48-88B5-6C9A968AACF8}"
EndProject
Project("{FAE04EC0-301F-11D3-BF4B-00C04F79EFBC}") = "ProtobufNativeGenerated", "tests\ProtobufNativeGenerated\ProtobufNativeGenerated.csproj", "{E78C06BC-7043-4B9C-9EC1-64FADD92227F}"
EndProject
Project("{F2A71F9B-5D33-465A-A702-920D77279786}") = "Pulsar.Client.Otel", "src\Pulsar.Client.Otel\Pulsar.Client.Otel.fsproj", "{C23D4DAC-8612-49C7-B8D6-0A44318BE48B}"
EndProject
Global
	GlobalSection(SolutionConfigurationPlatforms) = preSolution
		Debug|Any CPU = Debug|Any CPU
		Release|Any CPU = Release|Any CPU
	EndGlobalSection
	GlobalSection(ProjectConfigurationPlatforms) = postSolution
		{C80380AD-C763-472D-BEF7-D6411D680A15}.Debug|Any CPU.ActiveCfg = Debug|Any CPU
		{C80380AD-C763-472D-BEF7-D6411D680A15}.Debug|Any CPU.Build.0 = Debug|Any CPU
		{C80380AD-C763-472D-BEF7-D6411D680A15}.Release|Any CPU.ActiveCfg = Release|Any CPU
		{C80380AD-C763-472D-BEF7-D6411D680A15}.Release|Any CPU.Build.0 = Release|Any CPU
		{31792757-DDF8-44E0-B074-F9BD0721EE18}.Debug|Any CPU.ActiveCfg = Debug|Any CPU
		{31792757-DDF8-44E0-B074-F9BD0721EE18}.Debug|Any CPU.Build.0 = Debug|Any CPU
		{31792757-DDF8-44E0-B074-F9BD0721EE18}.Release|Any CPU.ActiveCfg = Release|Any CPU
		{31792757-DDF8-44E0-B074-F9BD0721EE18}.Release|Any CPU.Build.0 = Release|Any CPU
		{9187FFC1-6365-473D-9D32-4B2EC0BCE6E3}.Debug|Any CPU.ActiveCfg = Debug|Any CPU
		{9187FFC1-6365-473D-9D32-4B2EC0BCE6E3}.Debug|Any CPU.Build.0 = Debug|Any CPU
		{9187FFC1-6365-473D-9D32-4B2EC0BCE6E3}.Release|Any CPU.ActiveCfg = Release|Any CPU
		{9187FFC1-6365-473D-9D32-4B2EC0BCE6E3}.Release|Any CPU.Build.0 = Release|Any CPU
		{20835368-73B3-45AF-B0AB-B33F120B74BA}.Debug|Any CPU.ActiveCfg = Debug|Any CPU
		{20835368-73B3-45AF-B0AB-B33F120B74BA}.Debug|Any CPU.Build.0 = Debug|Any CPU
		{20835368-73B3-45AF-B0AB-B33F120B74BA}.Release|Any CPU.ActiveCfg = Release|Any CPU
		{20835368-73B3-45AF-B0AB-B33F120B74BA}.Release|Any CPU.Build.0 = Release|Any CPU
		{ED95CEE6-3023-4D09-8570-425390D351B3}.Debug|Any CPU.ActiveCfg = Debug|Any CPU
		{ED95CEE6-3023-4D09-8570-425390D351B3}.Debug|Any CPU.Build.0 = Debug|Any CPU
		{ED95CEE6-3023-4D09-8570-425390D351B3}.Release|Any CPU.ActiveCfg = Release|Any CPU
		{ED95CEE6-3023-4D09-8570-425390D351B3}.Release|Any CPU.Build.0 = Release|Any CPU
		{07E28F24-6660-4805-BF92-89EEA4711CA2}.Debug|Any CPU.ActiveCfg = Debug|Any CPU
		{07E28F24-6660-4805-BF92-89EEA4711CA2}.Debug|Any CPU.Build.0 = Debug|Any CPU
		{07E28F24-6660-4805-BF92-89EEA4711CA2}.Release|Any CPU.ActiveCfg = Release|Any CPU
		{07E28F24-6660-4805-BF92-89EEA4711CA2}.Release|Any CPU.Build.0 = Release|Any CPU
		{173C91F0-8FA9-4E48-88B5-6C9A968AACF8}.Debug|Any CPU.ActiveCfg = Debug|Any CPU
		{173C91F0-8FA9-4E48-88B5-6C9A968AACF8}.Debug|Any CPU.Build.0 = Debug|Any CPU
		{173C91F0-8FA9-4E48-88B5-6C9A968AACF8}.Release|Any CPU.ActiveCfg = Release|Any CPU
		{173C91F0-8FA9-4E48-88B5-6C9A968AACF8}.Release|Any CPU.Build.0 = Release|Any CPU
		{E78C06BC-7043-4B9C-9EC1-64FADD92227F}.Debug|Any CPU.ActiveCfg = Debug|Any CPU
		{E78C06BC-7043-4B9C-9EC1-64FADD92227F}.Debug|Any CPU.Build.0 = Debug|Any CPU
		{E78C06BC-7043-4B9C-9EC1-64FADD92227F}.Release|Any CPU.ActiveCfg = Release|Any CPU
		{E78C06BC-7043-4B9C-9EC1-64FADD92227F}.Release|Any CPU.Build.0 = Release|Any CPU
		{C23D4DAC-8612-49C7-B8D6-0A44318BE48B}.Debug|Any CPU.ActiveCfg = Debug|Any CPU
		{C23D4DAC-8612-49C7-B8D6-0A44318BE48B}.Debug|Any CPU.Build.0 = Debug|Any CPU
		{C23D4DAC-8612-49C7-B8D6-0A44318BE48B}.Release|Any CPU.ActiveCfg = Release|Any CPU
		{C23D4DAC-8612-49C7-B8D6-0A44318BE48B}.Release|Any CPU.Build.0 = Release|Any CPU
	EndGlobalSection
	GlobalSection(SolutionProperties) = preSolution
		HideSolutionNode = FALSE
	EndGlobalSection
	GlobalSection(NestedProjects) = preSolution
		{C80380AD-C763-472D-BEF7-D6411D680A15} = {F63757F9-A836-40E7-A1D1-108AAA14707C}
		{31792757-DDF8-44E0-B074-F9BD0721EE18} = {F63757F9-A836-40E7-A1D1-108AAA14707C}
		{9187FFC1-6365-473D-9D32-4B2EC0BCE6E3} = {57300837-ACF8-47EF-9271-E72D12D5D4A4}
		{20835368-73B3-45AF-B0AB-B33F120B74BA} = {57300837-ACF8-47EF-9271-E72D12D5D4A4}
		{ED95CEE6-3023-4D09-8570-425390D351B3} = {A69013AE-F033-4D8F-8C84-D238F1E7C45B}
		{07E28F24-6660-4805-BF92-89EEA4711CA2} = {A69013AE-F033-4D8F-8C84-D238F1E7C45B}
		{173C91F0-8FA9-4E48-88B5-6C9A968AACF8} = {57300837-ACF8-47EF-9271-E72D12D5D4A4}
		{E78C06BC-7043-4B9C-9EC1-64FADD92227F} = {57300837-ACF8-47EF-9271-E72D12D5D4A4}
		{C23D4DAC-8612-49C7-B8D6-0A44318BE48B} = {A69013AE-F033-4D8F-8C84-D238F1E7C45B}
	EndGlobalSection
	GlobalSection(ExtensibilityGlobals) = postSolution
		SolutionGuid = {5F50C1BF-3713-4686-906F-8051FD013D96}
	EndGlobalSection
EndGlobal
